<?xml version="1.0" encoding="utf-8"?>
<Project ToolsVersion="4.0" xmlns="http://schemas.microsoft.com/developer/msbuild/2003">
  <ItemGroup>
    <Filter Include="Sources">
      <UniqueIdentifier>{c0180f9c-507d-4846-887d-59c440839d7a}</UniqueIdentifier>
      <Extensions>cpp;h</Extensions>
    </Filter>
    <Filter Include="Sources\Util">
      <UniqueIdentifier>{f5030c71-256e-4856-b20c-b6cbc5f74928}</UniqueIdentifier>
    </Filter>
    <Filter Include="Headers">
      <UniqueIdentifier>{c80c155d-46cb-4e70-a9bf-fb288318f6df}</UniqueIdentifier>
    </Filter>
    <Filter Include="Assets">
      <UniqueIdentifier>{06323c4f-f939-42ad-ae3e-ab2c13bdb532}</UniqueIdentifier>
      <Extensions>
      </Extensions>
    </Filter>
    <Filter Include="Assets\Shaders">
      <UniqueIdentifier>{ff79692d-3948-4765-9871-82bba118aa9b}</UniqueIdentifier>
    </Filter>
    <Filter Include="Headers\Util">
      <UniqueIdentifier>{b86714a7-16ec-44b9-9b73-23a5bbb3e6f7}</UniqueIdentifier>
    </Filter>
  </ItemGroup>
  <ItemGroup>
    <ClCompile Include="Main.cpp">
      <Filter>Sources</Filter>
    </ClCompile>
    <ClCompile Include="DX12U.cpp">
      <Filter>Sources\Util</Filter>
    </ClCompile>
    <ClCompile Include="Game.cpp">
      <Filter>Sources\Util</Filter>
    </ClCompile>
  </ItemGroup>
  <ItemGroup>
    <FxCompile Include="MeshShader.hlsl">
      <Filter>Assets\Shaders</Filter>
    </FxCompile>
    <FxCompile Include="PixelShader.hlsl">
      <Filter>Assets\Shaders</Filter>
    </FxCompile>
    <FxCompile Include="AmpShader.hlsl">
      <Filter>Assets\Shaders</Filter>
    </FxCompile>
  </ItemGroup>
  <ItemGroup>
    <ClInclude Include="DX12U.h">
      <Filter>Headers\Util</Filter>
    </ClInclude>
  </ItemGroup>
  <ItemGroup>
    <None Include="Common.hlsli">
      <Filter>Assets\Shaders</Filter>
    </None>
    <None Include="README.md" />
  </ItemGroup>
</Project>